// !$*UTF8*$!
{
	archiveVersion = 1;
	classes = {
	};
	objectVersion = 46;
	objects = {

/* Begin PBXBuildFile section */
		8EE322771B90B96300CE8F8A /* KoreanViewController.swift in Sources */ = {isa = PBXBuildFile; fileRef = 8EE322761B90B96300CE8F8A /* KoreanViewController.swift */; };
		8EE9248D1B906A75009461AD /* AppDelegate.swift in Sources */ = {isa = PBXBuildFile; fileRef = 8EE9248C1B906A75009461AD /* AppDelegate.swift */; };
		8EE9248F1B906A75009461AD /* ViewController.swift in Sources */ = {isa = PBXBuildFile; fileRef = 8EE9248E1B906A75009461AD /* ViewController.swift */; };
		8EE924921B906A75009461AD /* Main.storyboard in Resources */ = {isa = PBXBuildFile; fileRef = 8EE924901B906A75009461AD /* Main.storyboard */; };
		8EE924941B906A75009461AD /* Images.xcassets in Resources */ = {isa = PBXBuildFile; fileRef = 8EE924931B906A75009461AD /* Images.xcassets */; };
		8EE924971B906A75009461AD /* LaunchScreen.xib in Resources */ = {isa = PBXBuildFile; fileRef = 8EE924951B906A75009461AD /* LaunchScreen.xib */; };
		8EE924A31B906A76009461AD /* BeautyGalleryTests.swift in Sources */ = {isa = PBXBuildFile; fileRef = 8EE924A21B906A76009461AD /* BeautyGalleryTests.swift */; };
		8EE924AD1B907046009461AD /* ViewControllerExtension.swift in Sources */ = {isa = PBXBuildFile; fileRef = 8EE924AC1B907046009461AD /* ViewControllerExtension.swift */; };
		8EE924AF1B907368009461AD /* galleryViewController.swift in Sources */ = {isa = PBXBuildFile; fileRef = 8EE924AE1B907368009461AD /* galleryViewController.swift */; };
/* End PBXBuildFile section */

/* Begin PBXContainerItemProxy section */
		8EE9249D1B906A76009461AD /* PBXContainerItemProxy */ = {
			isa = PBXContainerItemProxy;
			containerPortal = 8EE9247F1B906A75009461AD /* Project object */;
			proxyType = 1;
			remoteGlobalIDString = 8EE924861B906A75009461AD;
			remoteInfo = BeautyGallery;
		};
/* End PBXContainerItemProxy section */

/* Begin PBXFileReference section */
		8EE322761B90B96300CE8F8A /* KoreanViewController.swift */ = {isa = PBXFileReference; fileEncoding = 4; lastKnownFileType = sourcecode.swift; path = KoreanViewController.swift; sourceTree = "<group>"; };
		8EE924871B906A75009461AD /* BeautyGallery.app */ = {isa = PBXFileReference; explicitFileType = wrapper.application; includeInIndex = 0; path = BeautyGallery.app; sourceTree = BUILT_PRODUCTS_DIR; };
		8EE9248B1B906A75009461AD /* Info.plist */ = {isa = PBXFileReference; lastKnownFileType = text.plist.xml; path = Info.plist; sourceTree = "<group>"; };
		8EE9248C1B906A75009461AD /* AppDelegate.swift */ = {isa = PBXFileReference; lastKnownFileType = sourcecode.swift; path = AppDelegate.swift; sourceTree = "<group>"; };
		8EE9248E1B906A75009461AD /* ViewController.swift */ = {isa = PBXFileReference; lastKnownFileType = sourcecode.swift; path = ViewController.swift; sourceTree = "<group>"; };
		8EE924911B906A75009461AD /* Base */ = {isa = PBXFileReference; lastKnownFileType = file.storyboard; name = Base; path = Base.lproj/Main.storyboard; sourceTree = "<group>"; };
		8EE924931B906A75009461AD /* Images.xcassets */ = {isa = PBXFileReference; lastKnownFileType = folder.assetcatalog; path = Images.xcassets; sourceTree = "<group>"; };
		8EE924961B906A75009461AD /* Base */ = {isa = PBXFileReference; lastKnownFileType = file.xib; name = Base; path = Base.lproj/LaunchScreen.xib; sourceTree = "<group>"; };
		8EE9249C1B906A76009461AD /* BeautyGalleryTests.xctest */ = {isa = PBXFileReference; explicitFileType = wrapper.cfbundle; includeInIndex = 0; path = BeautyGalleryTests.xctest; sourceTree = BUILT_PRODUCTS_DIR; };
		8EE924A11B906A76009461AD /* Info.plist */ = {isa = PBXFileReference; lastKnownFileType = text.plist.xml; path = Info.plist; sourceTree = "<group>"; };
		8EE924A21B906A76009461AD /* BeautyGalleryTests.swift */ = {isa = PBXFileReference; lastKnownFileType = sourcecode.swift; path = BeautyGalleryTests.swift; sourceTree = "<group>"; };
		8EE924AC1B907046009461AD /* ViewControllerExtension.swift */ = {isa = PBXFileReference; fileEncoding = 4; lastKnownFileType = sourcecode.swift; path = ViewControllerExtension.swift; sourceTree = "<group>"; };
		8EE924AE1B907368009461AD /* galleryViewController.swift */ = {isa = PBXFileReference; fileEncoding = 4; lastKnownFileType = sourcecode.swift; path = galleryViewController.swift; sourceTree = "<group>"; };
/* End PBXFileReference section */

/* Begin PBXFrameworksBuildPhase section */
		8EE924841B906A75009461AD /* Frameworks */ = {
			isa = PBXFrameworksBuildPhase;
			buildActionMask = 2147483647;
			files = (
			);
			runOnlyForDeploymentPostprocessing = 0;
		};
		8EE924991B906A76009461AD /* Frameworks */ = {
			isa = PBXFrameworksBuildPhase;
			buildActionMask = 2147483647;
			files = (
			);
			runOnlyForDeploymentPostprocessing = 0;
		};
/* End PBXFrameworksBuildPhase section */

/* Begin PBXGroup section */
		8EE9247E1B906A75009461AD = {
			isa = PBXGroup;
			children = (
				8EE924891B906A75009461AD /* BeautyGallery */,
				8EE9249F1B906A76009461AD /* BeautyGalleryTests */,
				8EE924881B906A75009461AD /* Products */,
			);
			sourceTree = "<group>";
		};
		8EE924881B906A75009461AD /* Products */ = {
			isa = PBXGroup;
			children = (
				8EE924871B906A75009461AD /* BeautyGallery.app */,
				8EE9249C1B906A76009461AD /* BeautyGalleryTests.xctest */,
			);
			name = Products;
			sourceTree = "<group>";
		};
		8EE924891B906A75009461AD /* BeautyGallery */ = {
			isa = PBXGroup;
			children = (
				8EE9248C1B906A75009461AD /* AppDelegate.swift */,
				8EE9248E1B906A75009461AD /* ViewController.swift */,
				8EE924AC1B907046009461AD /* ViewControllerExtension.swift */,
				8EE924AE1B907368009461AD /* galleryViewController.swift */,
				8EE322761B90B96300CE8F8A /* KoreanViewController.swift */,
				8EE924901B906A75009461AD /* Main.storyboard */,
				8EE924931B906A75009461AD /* Images.xcassets */,
				8EE924951B906A75009461AD /* LaunchScreen.xib */,
				8EE9248A1B906A75009461AD /* Supporting Files */,
			);
			path = BeautyGallery;
			sourceTree = "<group>";
		};
		8EE9248A1B906A75009461AD /* Supporting Files */ = {
			isa = PBXGroup;
			children = (
				8EE9248B1B906A75009461AD /* Info.plist */,
			);
			name = "Supporting Files";
			sourceTree = "<group>";
		};
		8EE9249F1B906A76009461AD /* BeautyGalleryTests */ = {
			isa = PBXGroup;
			children = (
				8EE924A21B906A76009461AD /* BeautyGalleryTests.swift */,
				8EE924A01B906A76009461AD /* Supporting Files */,
			);
			path = BeautyGalleryTests;
			sourceTree = "<group>";
		};
		8EE924A01B906A76009461AD /* Supporting Files */ = {
			isa = PBXGroup;
			children = (
				8EE924A11B906A76009461AD /* Info.plist */,
			);
			name = "Supporting Files";
			sourceTree = "<group>";
		};
/* End PBXGroup section */

/* Begin PBXNativeTarget section */
		8EE924861B906A75009461AD /* BeautyGallery */ = {
			isa = PBXNativeTarget;
			buildConfigurationList = 8EE924A61B906A76009461AD /* Build configuration list for PBXNativeTarget "BeautyGallery" */;
			buildPhases = (
				8EE924831B906A75009461AD /* Sources */,
				8EE924841B906A75009461AD /* Frameworks */,
				8EE924851B906A75009461AD /* Resources */,
			);
			buildRules = (
			);
			dependencies = (
			);
			name = BeautyGallery;
			productName = BeautyGallery;
			productReference = 8EE924871B906A75009461AD /* BeautyGallery.app */;
			productType = "com.apple.product-type.application";
		};
		8EE9249B1B906A76009461AD /* BeautyGalleryTests */ = {
			isa = PBXNativeTarget;
			buildConfigurationList = 8EE924A91B906A76009461AD /* Build configuration list for PBXNativeTarget "BeautyGalleryTests" */;
			buildPhases = (
				8EE924981B906A76009461AD /* Sources */,
				8EE924991B906A76009461AD /* Frameworks */,
				8EE9249A1B906A76009461AD /* Resources */,
			);
			buildRules = (
			);
			dependencies = (
				8EE9249E1B906A76009461AD /* PBXTargetDependency */,
			);
			name = BeautyGalleryTests;
			productName = BeautyGalleryTests;
			productReference = 8EE9249C1B906A76009461AD /* BeautyGalleryTests.xctest */;
			productType = "com.apple.product-type.bundle.unit-test";
		};
/* End PBXNativeTarget section */

/* Begin PBXProject section */
		8EE9247F1B906A75009461AD /* Project object */ = {
			isa = PBXProject;
			attributes = {
				LastSwiftUpdateCheck = 0720;
				LastUpgradeCheck = 0640;
				ORGANIZATIONNAME = xuqidong;
				TargetAttributes = {
					8EE924861B906A75009461AD = {
						CreatedOnToolsVersion = 6.4;
					};
					8EE9249B1B906A76009461AD = {
						CreatedOnToolsVersion = 6.4;
						TestTargetID = 8EE924861B906A75009461AD;
					};
				};
			};
			buildConfigurationList = 8EE924821B906A75009461AD /* Build configuration list for PBXProject "BeautyGallery" */;
			compatibilityVersion = "Xcode 3.2";
			developmentRegion = English;
			hasScannedForEncodings = 0;
			knownRegions = (
				en,
				Base,
			);
			mainGroup = 8EE9247E1B906A75009461AD;
			productRefGroup = 8EE924881B906A75009461AD /* Products */;
			projectDirPath = "";
			projectRoot = "";
			targets = (
				8EE924861B906A75009461AD /* BeautyGallery */,
				8EE9249B1B906A76009461AD /* BeautyGalleryTests */,
			);
		};
/* End PBXProject section */

/* Begin PBXResourcesBuildPhase section */
		8EE924851B906A75009461AD /* Resources */ = {
			isa = PBXResourcesBuildPhase;
			buildActionMask = 2147483647;
			files = (
				8EE924921B906A75009461AD /* Main.storyboard in Resources */,
				8EE924971B906A75009461AD /* LaunchScreen.xib in Resources */,
				8EE924941B906A75009461AD /* Images.xcassets in Resources */,
			);
			runOnlyForDeploymentPostprocessing = 0;
		};
		8EE9249A1B906A76009461AD /* Resources */ = {
			isa = PBXResourcesBuildPhase;
			buildActionMask = 2147483647;
			files = (
			);
			runOnlyForDeploymentPostprocessing = 0;
		};
/* End PBXResourcesBuildPhase section */

/* Begin PBXSourcesBuildPhase section */
		8EE924831B906A75009461AD /* Sources */ = {
			isa = PBXSourcesBuildPhase;
			buildActionMask = 2147483647;
			files = (
				8EE9248F1B906A75009461AD /* ViewController.swift in Sources */,
				8EE322771B90B96300CE8F8A /* KoreanViewController.swift in Sources */,
				8EE924AF1B907368009461AD /* galleryViewController.swift in Sources */,
				8EE9248D1B906A75009461AD /* AppDelegate.swift in Sources */,
				8EE924AD1B907046009461AD /* ViewControllerExtension.swift in Sources */,
			);
			runOnlyForDeploymentPostprocessing = 0;
		};
		8EE924981B906A76009461AD /* Sources */ = {
			isa = PBXSourcesBuildPhase;
			buildActionMask = 2147483647;
			files = (
				8EE924A31B906A76009461AD /* BeautyGalleryTests.swift in Sources */,
			);
			runOnlyForDeploymentPostprocessing = 0;
		};
/* End PBXSourcesBuildPhase section */

/* Begin PBXTargetDependency section */
		8EE9249E1B906A76009461AD /* PBXTargetDependency */ = {
			isa = PBXTargetDependency;
			target = 8EE924861B906A75009461AD /* BeautyGallery */;
			targetProxy = 8EE9249D1B906A76009461AD /* PBXContainerItemProxy */;
		};
/* End PBXTargetDependency section */

/* Begin PBXVariantGroup section */
		8EE924901B906A75009461AD /* Main.storyboard */ = {
			isa = PBXVariantGroup;
			children = (
				8EE924911B906A75009461AD /* Base */,
			);
			name = Main.storyboard;
			sourceTree = "<group>";
		};
		8EE924951B906A75009461AD /* LaunchScreen.xib */ = {
			isa = PBXVariantGroup;
			children = (
				8EE924961B906A75009461AD /* Base */,
			);
			name = LaunchScreen.xib;
			sourceTree = "<group>";
		};
/* End PBXVariantGroup section */

/* Begin XCBuildConfiguration section */
		8EE924A41B906A76009461AD /* Debug */ = {
			isa = XCBuildConfiguration;
			buildSettings = {
				ALWAYS_SEARCH_USER_PATHS = NO;
				CLANG_CXX_LANGUAGE_STANDARD = "gnu++0x";
				CLANG_CXX_LIBRARY = "libc++";
				CLANG_ENABLE_MODULES = YES;
				CLANG_ENABLE_OBJC_ARC = YES;
				CLANG_WARN_BOOL_CONVERSION = YES;
				CLANG_WARN_CONSTANT_CONVERSION = YES;
				CLANG_WARN_DIRECT_OBJC_ISA_USAGE = YES_ERROR;
				CLANG_WARN_EMPTY_BODY = YES;
				CLANG_WARN_ENUM_CONVERSION = YES;
				CLANG_WARN_INT_CONVERSION = YES;
				CLANG_WARN_OBJC_ROOT_CLASS = YES_ERROR;
				CLANG_WARN_UNREACHABLE_CODE = YES;
				CLANG_WARN__DUPLICATE_METHOD_MATCH = YES;
				"CODE_SIGN_IDENTITY[sdk=iphoneos*]" = "iPhone Developer";
				COPY_PHASE_STRIP = NO;
				DEBUG_INFORMATION_FORMAT = "dwarf-with-dsym";
				ENABLE_STRICT_OBJC_MSGSEND = YES;
				GCC_C_LANGUAGE_STANDARD = gnu99;
				GCC_DYNAMIC_NO_PIC = NO;
				GCC_NO_COMMON_BLOCKS = YES;
				GCC_OPTIMIZATION_LEVEL = 0;
				GCC_PREPROCESSOR_DEFINITIONS = (
					"DEBUG=1",
					"$(inherited)",
				);
				GCC_SYMBOLS_PRIVATE_EXTERN = NO;
				GCC_WARN_64_TO_32_BIT_CONVERSION = YES;
				GCC_WARN_ABOUT_RETURN_TYPE = YES_ERROR;
				GCC_WARN_UNDECLARED_SELECTOR = YES;
				GCC_WARN_UNINITIALIZED_AUTOS = YES_AGGRESSIVE;
				GCC_WARN_UNUSED_FUNCTION = YES;
				GCC_WARN_UNUSED_VARIABLE = YES;
				IPHONEOS_DEPLOYMENT_TARGET = 8.4;
				MTL_ENABLE_DEBUG_INFO = YES;
				ONLY_ACTIVE_ARCH = YES;
				SDKROOT = iphoneos;
				SWIFT_OPTIMIZATION_LEVEL = "-Onone";
				TARGETED_DEVICE_FAMILY = "1,2";
			};
			name = Debug;
		};
		8EE924A51B906A76009461AD /* Release */ = {
			isa = XCBuildConfiguration;
			buildSettings = {
				ALWAYS_SEARCH_USER_PATHS = NO;
				CLANG_CXX_LANGUAGE_STANDARD = "gnu++0x";
				CLANG_CXX_LIBRARY = "libc++";
				CLANG_ENABLE_MODULES = YES;
				CLANG_ENABLE_OBJC_ARC = YES;
				CLANG_WARN_BOOL_CONVERSION = YES;
				CLANG_WARN_CONSTANT_CONVERSION = YES;
				CLANG_WARN_DIRECT_OBJC_ISA_USAGE = YES_ERROR;
				CLANG_WARN_EMPTY_BODY = YES;
				CLANG_WARN_ENUM_CONVERSION = YES;
				CLANG_WARN_INT_CONVERSION = YES;
				CLANG_WARN_OBJC_ROOT_CLASS = YES_ERROR;
				CLANG_WARN_UNREACHABLE_CODE = YES;
				CLANG_WARN__DUPLICATE_METHOD_MATCH = YES;
				"CODE_SIGN_IDENTITY[sdk=iphoneos*]" = "iPhone Developer";
				COPY_PHASE_STRIP = NO;
				DEBUG_INFORMATION_FORMAT = "dwarf-with-dsym";
				ENABLE_NS_ASSERTIONS = NO;
				ENABLE_STRICT_OBJC_MSGSEND = YES;
				GCC_C_LANGUAGE_STANDARD = gnu99;
				GCC_NO_COMMON_BLOCKS = YES;
				GCC_WARN_64_TO_32_BIT_CONVERSION = YES;
				GCC_WARN_ABOUT_RETURN_TYPE = YES_ERROR;
				GCC_WARN_UNDECLARED_SELECTOR = YES;
				GCC_WARN_UNINITIALIZED_AUTOS = YES_AGGRESSIVE;
				GCC_WARN_UNUSED_FUNCTION = YES;
				GCC_WARN_UNUSED_VARIABLE = YES;
				IPHONEOS_DEPLOYMENT_TARGET = 8.4;
				MTL_ENABLE_DEBUG_INFO = NO;
				SDKROOT = iphoneos;
				TARGETED_DEVICE_FAMILY = "1,2";
				VALIDATE_PRODUCT = YES;
			};
			name = Release;
		};
		8EE924A71B906A76009461AD /* Debug */ = {
			isa = XCBuildConfiguration;
			buildSettings = {
				ASSETCATALOG_COMPILER_APPICON_NAME = AppIcon;
				INFOPLIST_FILE = BeautyGallery/Info.plist;
				IPHONEOS_DEPLOYMENT_TARGET = 8.1;
				LD_RUNPATH_SEARCH_PATHS = "$(inherited) @executable_path/Frameworks";
				PRODUCT_NAME = "$(TARGET_NAME)";
			};
			name = Debug;
		};
		8EE924A81B906A76009461AD /* Release */ = {
			isa = XCBuildConfiguration;
			buildSettings = {
				ASSETCATALOG_COMPILER_APPICON_NAME = AppIcon;
				INFOPLIST_FILE = BeautyGallery/Info.plist;
				IPHONEOS_DEPLOYMENT_TARGET = 8.1;
				LD_RUNPATH_SEARCH_PATHS = "$(inherited) @executable_path/Frameworks";
				PRODUCT_NAME = "$(TARGET_NAME)";
			};
			name = Release;
		};
		8EE924AA1B906A76009461AD /* Debug */ = {
			isa = XCBuildConfiguration;
			buildSettings = {
				BUNDLE_LOADER = "$(TEST_HOST)";
				FRAMEWORK_SEARCH_PATHS = (
					"$(SDKROOT)/Developer/Library/Frameworks",
					"$(inherited)",
				);
				GCC_PREPROCESSOR_DEFINITIONS = (
					"DEBUG=1",
					"$(inherited)",
				);
				INFOPLIST_FILE = BeautyGalleryTests/Info.plist;
				LD_RUNPATH_SEARCH_PATHS = "$(inherited) @executable_path/Frameworks @loader_path/Frameworks";
				PRODUCT_NAME = "$(TARGET_NAME)";
				TEST_HOST = "$(BUILT_PRODUCTS_DIR)/BeautyGallery.app/BeautyGallery";
			};
			name = Debug;
		};
		8EE924AB1B906A76009461AD /* Release */ = {
			isa = XCBuildConfiguration;
			buildSettings = {
				BUNDLE_LOADER = "$(TEST_HOST)";
				FRAMEWORK_SEARCH_PATHS = (
					"$(SDKROOT)/Developer/Library/Frameworks",
					"$(inherited)",
				);
				INFOPLIST_FILE = BeautyGalleryTests/Info.plist;
				LD_RUNPATH_SEARCH_PATHS = "$(inherited) @executable_path/Frameworks @loader_path/Frameworks";
				PRODUCT_NAME = "$(TARGET_NAME)";
				TEST_HOST = "$(BUILT_PRODUCTS_DIR)/BeautyGallery.app/BeautyGallery";
			};
			name = Release;
		};
/* End XCBuildConfiguration section */

/* Begin XCConfigurationList section */
		8EE924821B906A75009461AD /* Build configuration list for PBXProject "BeautyGallery" */ = {
			isa = XCConfigurationList;
			buildConfigurations = (
				8EE924A41B906A76009461AD /* Debug */,
				8EE924A51B906A76009461AD /* Release */,
			);
			defaultConfigurationIsVisible = 0;
			defaultConfigurationName = Release;
		};
		8EE924A61B906A76009461AD /* Build configuration list for PBXNativeTarget "BeautyGallery" */ = {
			isa = XCConfigurationList;
			buildConfigurations = (
				8EE924A71B906A76009461AD /* Debug */,
				8EE924A81B906A76009461AD /* Release */,
			);
			defaultConfigurationIsVisible = 0;
			defaultConfigurationName = Release;
		};
		8EE924A91B906A76009461AD /* Build configuration list for PBXNativeTarget "BeautyGalleryTests" */ = {
			isa = XCConfigurationList;
			buildConfigurations = (
				8EE924AA1B906A76009461AD /* Debug */,
				8EE924AB1B906A76009461AD /* Release */,
			);
			defaultConfigurationIsVisible = 0;
			defaultConfigurationName = Release;
		};
/* End XCConfigurationList section */
	};
	rootObject = 8EE9247F1B906A75009461AD /* Project object */;
}
